
Microsoft Visual Studio Solution File, Format Version 12.00
# Visual Studio Version 17
VisualStudioVersion = 17.4.33213.308
MinimumVisualStudioVersion = 10.0.40219.1
Project("{FAE04EC0-301F-11D3-BF4B-00C04F79EFBC}") = "ExamenRU3", "ExamenRU3.csproj", "{7114F5E7-6349-476C-BFDE-26B07916CE54}"
EndProject
Global
	GlobalSection(SolutionConfigurationPlatforms) = preSolution
		Debug|Any CPU = Debug|Any CPU
		Release|Any CPU = Release|Any CPU
	EndGlobalSection
	GlobalSection(ProjectConfigurationPlatforms) = postSolution
		{7114F5E7-6349-476C-BFDE-26B07916CE54}.Debug|Any CPU.ActiveCfg = Debug|Any CPU
		{7114F5E7-6349-476C-BFDE-26B07916CE54}.Debug|Any CPU.Build.0 = Debug|Any CPU
		{7114F5E7-6349-476C-BFDE-26B07916CE54}.Release|Any CPU.ActiveCfg = Release|Any CPU
		{7114F5E7-6349-476C-BFDE-26B07916CE54}.Release|Any CPU.Build.0 = Release|Any CPU
	EndGlobalSection
	GlobalSection(SolutionProperties) = preSolution
		HideSolutionNode = FALSE
	EndGlobalSection
	GlobalSection(ExtensibilityGlobals) = postSolution
		SolutionGuid = {2BA58C07-3449-4505-89CD-1D83C0039F02}
	EndGlobalSection
EndGlobal
